
Microsoft Visual Studio Solution File, Format Version 12.00
# Visual Studio Version 17
VisualStudioVersion = 17.3.32819.101
MinimumVisualStudioVersion = 10.0.40219.1
Project("{FAE04EC0-301F-11D3-BF4B-00C04F79EFBC}") = "Hemsida", "Hemsida.csproj", "{473CB8A7-90C5-4D07-9BF5-6CC252CD3112}"
EndProject
Global
	GlobalSection(SolutionConfigurationPlatforms) = preSolution
		Debug|Any CPU = Debug|Any CPU
		Release|Any CPU = Release|Any CPU
	EndGlobalSection
	GlobalSection(ProjectConfigurationPlatforms) = postSolution
		{473CB8A7-90C5-4D07-9BF5-6CC252CD3112}.Debug|Any CPU.ActiveCfg = Debug|Any CPU
		{473CB8A7-90C5-4D07-9BF5-6CC252CD3112}.Debug|Any CPU.Build.0 = Debug|Any CPU
		{473CB8A7-90C5-4D07-9BF5-6CC252CD3112}.Release|Any CPU.ActiveCfg = Release|Any CPU
		{473CB8A7-90C5-4D07-9BF5-6CC252CD3112}.Release|Any CPU.Build.0 = Release|Any CPU
	EndGlobalSection
	GlobalSection(SolutionProperties) = preSolution
		HideSolutionNode = FALSE
	EndGlobalSection
	GlobalSection(ExtensibilityGlobals) = postSolution
		SolutionGuid = {064223EB-0C10-4AB0-83D2-6E9565FCA927}
	EndGlobalSection
EndGlobal
