
Microsoft Visual Studio Solution File, Format Version 12.00
# Visual Studio Version 17
VisualStudioVersion = 17.3.32819.101
MinimumVisualStudioVersion = 10.0.40219.1
Project("{FAE04EC0-301F-11D3-BF4B-00C04F79EFBC}") = "Metoder 2", "Metoder 2.csproj", "{E5501F3D-C8A2-434C-9886-E8C1BB30F6CC}"
EndProject
Global
	GlobalSection(SolutionConfigurationPlatforms) = preSolution
		Debug|Any CPU = Debug|Any CPU
		Release|Any CPU = Release|Any CPU
	EndGlobalSection
	GlobalSection(ProjectConfigurationPlatforms) = postSolution
		{E5501F3D-C8A2-434C-9886-E8C1BB30F6CC}.Debug|Any CPU.ActiveCfg = Debug|Any CPU
		{E5501F3D-C8A2-434C-9886-E8C1BB30F6CC}.Debug|Any CPU.Build.0 = Debug|Any CPU
		{E5501F3D-C8A2-434C-9886-E8C1BB30F6CC}.Release|Any CPU.ActiveCfg = Release|Any CPU
		{E5501F3D-C8A2-434C-9886-E8C1BB30F6CC}.Release|Any CPU.Build.0 = Release|Any CPU
	EndGlobalSection
	GlobalSection(SolutionProperties) = preSolution
		HideSolutionNode = FALSE
	EndGlobalSection
	GlobalSection(ExtensibilityGlobals) = postSolution
		SolutionGuid = {E32ECF46-8DF7-4BB0-94BA-292F7F2375A8}
	EndGlobalSection
EndGlobal
