
Microsoft Visual Studio Solution File, Format Version 12.00
# Visual Studio Version 17
VisualStudioVersion = 17.3.32819.101
MinimumVisualStudioVersion = 10.0.40219.1
Project("{FAE04EC0-301F-11D3-BF4B-00C04F79EFBC}") = "OOP Arv övning 2", "OOP Arv övning 2.csproj", "{35266F82-1A02-4BFA-B1DD-C3DD614D95CF}"
EndProject
Global
	GlobalSection(SolutionConfigurationPlatforms) = preSolution
		Debug|Any CPU = Debug|Any CPU
		Release|Any CPU = Release|Any CPU
	EndGlobalSection
	GlobalSection(ProjectConfigurationPlatforms) = postSolution
		{35266F82-1A02-4BFA-B1DD-C3DD614D95CF}.Debug|Any CPU.ActiveCfg = Debug|Any CPU
		{35266F82-1A02-4BFA-B1DD-C3DD614D95CF}.Debug|Any CPU.Build.0 = Debug|Any CPU
		{35266F82-1A02-4BFA-B1DD-C3DD614D95CF}.Release|Any CPU.ActiveCfg = Release|Any CPU
		{35266F82-1A02-4BFA-B1DD-C3DD614D95CF}.Release|Any CPU.Build.0 = Release|Any CPU
	EndGlobalSection
	GlobalSection(SolutionProperties) = preSolution
		HideSolutionNode = FALSE
	EndGlobalSection
	GlobalSection(ExtensibilityGlobals) = postSolution
		SolutionGuid = {0C3676BA-7916-48C6-9EC2-FA618CAECB6D}
	EndGlobalSection
EndGlobal
