
Microsoft Visual Studio Solution File, Format Version 12.00
# Visual Studio Version 17
VisualStudioVersion = 17.0.32014.148
MinimumVisualStudioVersion = 10.0.40219.1
Project("{FAE04EC0-301F-11D3-BF4B-00C04F79EFBC}") = "LINQ", "LINQ.csproj", "{A61E3C5B-CA08-4F0D-8FA5-21B74ED809B1}"
EndProject
Global
	GlobalSection(SolutionConfigurationPlatforms) = preSolution
		Debug|Any CPU = Debug|Any CPU
		Release|Any CPU = Release|Any CPU
	EndGlobalSection
	GlobalSection(ProjectConfigurationPlatforms) = postSolution
		{A61E3C5B-CA08-4F0D-8FA5-21B74ED809B1}.Debug|Any CPU.ActiveCfg = Debug|Any CPU
		{A61E3C5B-CA08-4F0D-8FA5-21B74ED809B1}.Debug|Any CPU.Build.0 = Debug|Any CPU
		{A61E3C5B-CA08-4F0D-8FA5-21B74ED809B1}.Release|Any CPU.ActiveCfg = Release|Any CPU
		{A61E3C5B-CA08-4F0D-8FA5-21B74ED809B1}.Release|Any CPU.Build.0 = Release|Any CPU
	EndGlobalSection
	GlobalSection(SolutionProperties) = preSolution
		HideSolutionNode = FALSE
	EndGlobalSection
	GlobalSection(ExtensibilityGlobals) = postSolution
		SolutionGuid = {ACB900FB-74CA-4B3E-A64F-FB73FB4D42A9}
	EndGlobalSection
EndGlobal
