
Microsoft Visual Studio Solution File, Format Version 12.00
# Visual Studio Version 17
VisualStudioVersion = 17.3.32819.101
MinimumVisualStudioVersion = 10.0.40219.1
Project("{FAE04EC0-301F-11D3-BF4B-00C04F79EFBC}") = "Extension Methods 4", "Extension Methods 4.csproj", "{13AD661B-629F-4185-A7FC-DEE73B1CF244}"
EndProject
Global
	GlobalSection(SolutionConfigurationPlatforms) = preSolution
		Debug|Any CPU = Debug|Any CPU
		Release|Any CPU = Release|Any CPU
	EndGlobalSection
	GlobalSection(ProjectConfigurationPlatforms) = postSolution
		{13AD661B-629F-4185-A7FC-DEE73B1CF244}.Debug|Any CPU.ActiveCfg = Debug|Any CPU
		{13AD661B-629F-4185-A7FC-DEE73B1CF244}.Debug|Any CPU.Build.0 = Debug|Any CPU
		{13AD661B-629F-4185-A7FC-DEE73B1CF244}.Release|Any CPU.ActiveCfg = Release|Any CPU
		{13AD661B-629F-4185-A7FC-DEE73B1CF244}.Release|Any CPU.Build.0 = Release|Any CPU
	EndGlobalSection
	GlobalSection(SolutionProperties) = preSolution
		HideSolutionNode = FALSE
	EndGlobalSection
	GlobalSection(ExtensibilityGlobals) = postSolution
		SolutionGuid = {A29A74ED-062E-44C0-9074-7D0445E0B69B}
	EndGlobalSection
EndGlobal
