
Microsoft Visual Studio Solution File, Format Version 12.00
# Visual Studio Version 17
VisualStudioVersion = 17.3.32819.101
MinimumVisualStudioVersion = 10.0.40219.1
Project("{FAE04EC0-301F-11D3-BF4B-00C04F79EFBC}") = "Stringmanipulation 1-5", "Stringmanipulation 1-5.csproj", "{C282D906-1E06-4608-B69D-114B1AD123F0}"
EndProject
Global
	GlobalSection(SolutionConfigurationPlatforms) = preSolution
		Debug|Any CPU = Debug|Any CPU
		Release|Any CPU = Release|Any CPU
	EndGlobalSection
	GlobalSection(ProjectConfigurationPlatforms) = postSolution
		{C282D906-1E06-4608-B69D-114B1AD123F0}.Debug|Any CPU.ActiveCfg = Debug|Any CPU
		{C282D906-1E06-4608-B69D-114B1AD123F0}.Debug|Any CPU.Build.0 = Debug|Any CPU
		{C282D906-1E06-4608-B69D-114B1AD123F0}.Release|Any CPU.ActiveCfg = Release|Any CPU
		{C282D906-1E06-4608-B69D-114B1AD123F0}.Release|Any CPU.Build.0 = Release|Any CPU
	EndGlobalSection
	GlobalSection(SolutionProperties) = preSolution
		HideSolutionNode = FALSE
	EndGlobalSection
	GlobalSection(ExtensibilityGlobals) = postSolution
		SolutionGuid = {61CA8408-2EA4-4C73-AB30-C62A15C01CEA}
	EndGlobalSection
EndGlobal
