
Microsoft Visual Studio Solution File, Format Version 12.00
# Visual Studio Version 17
VisualStudioVersion = 17.3.32819.101
MinimumVisualStudioVersion = 10.0.40219.1
Project("{FAE04EC0-301F-11D3-BF4B-00C04F79EFBC}") = "Samlingsklasser övning 2", "Samlingsklasser övning 2.csproj", "{9FE94617-501E-46BC-B932-11416AE22306}"
EndProject
Global
	GlobalSection(SolutionConfigurationPlatforms) = preSolution
		Debug|Any CPU = Debug|Any CPU
		Release|Any CPU = Release|Any CPU
	EndGlobalSection
	GlobalSection(ProjectConfigurationPlatforms) = postSolution
		{9FE94617-501E-46BC-B932-11416AE22306}.Debug|Any CPU.ActiveCfg = Debug|Any CPU
		{9FE94617-501E-46BC-B932-11416AE22306}.Debug|Any CPU.Build.0 = Debug|Any CPU
		{9FE94617-501E-46BC-B932-11416AE22306}.Release|Any CPU.ActiveCfg = Release|Any CPU
		{9FE94617-501E-46BC-B932-11416AE22306}.Release|Any CPU.Build.0 = Release|Any CPU
	EndGlobalSection
	GlobalSection(SolutionProperties) = preSolution
		HideSolutionNode = FALSE
	EndGlobalSection
	GlobalSection(ExtensibilityGlobals) = postSolution
		SolutionGuid = {9F26EF03-7EE0-4439-9876-3865DE98282B}
	EndGlobalSection
EndGlobal
