
Microsoft Visual Studio Solution File, Format Version 12.00
# Visual Studio Version 17
VisualStudioVersion = 17.3.32819.101
MinimumVisualStudioVersion = 10.0.40219.1
Project("{FAE04EC0-301F-11D3-BF4B-00C04F79EFBC}") = "Extension Methods 5", "Extension Methods 5.csproj", "{2EC03F5D-651B-4200-8604-561FE3D30019}"
EndProject
Global
	GlobalSection(SolutionConfigurationPlatforms) = preSolution
		Debug|Any CPU = Debug|Any CPU
		Release|Any CPU = Release|Any CPU
	EndGlobalSection
	GlobalSection(ProjectConfigurationPlatforms) = postSolution
		{2EC03F5D-651B-4200-8604-561FE3D30019}.Debug|Any CPU.ActiveCfg = Debug|Any CPU
		{2EC03F5D-651B-4200-8604-561FE3D30019}.Debug|Any CPU.Build.0 = Debug|Any CPU
		{2EC03F5D-651B-4200-8604-561FE3D30019}.Release|Any CPU.ActiveCfg = Release|Any CPU
		{2EC03F5D-651B-4200-8604-561FE3D30019}.Release|Any CPU.Build.0 = Release|Any CPU
	EndGlobalSection
	GlobalSection(SolutionProperties) = preSolution
		HideSolutionNode = FALSE
	EndGlobalSection
	GlobalSection(ExtensibilityGlobals) = postSolution
		SolutionGuid = {A308B02F-4139-4BD0-94B3-6F44C926FEA8}
	EndGlobalSection
EndGlobal
