
Microsoft Visual Studio Solution File, Format Version 12.00
# Visual Studio Version 17
VisualStudioVersion = 17.3.32819.101
MinimumVisualStudioVersion = 10.0.40219.1
Project("{FAE04EC0-301F-11D3-BF4B-00C04F79EFBC}") = "WPF Grund 2", "WPF Grund 2.csproj", "{566EBA2B-5526-4AEE-892A-2DC87ED48590}"
EndProject
Global
	GlobalSection(SolutionConfigurationPlatforms) = preSolution
		Debug|Any CPU = Debug|Any CPU
		Release|Any CPU = Release|Any CPU
	EndGlobalSection
	GlobalSection(ProjectConfigurationPlatforms) = postSolution
		{566EBA2B-5526-4AEE-892A-2DC87ED48590}.Debug|Any CPU.ActiveCfg = Debug|Any CPU
		{566EBA2B-5526-4AEE-892A-2DC87ED48590}.Debug|Any CPU.Build.0 = Debug|Any CPU
		{566EBA2B-5526-4AEE-892A-2DC87ED48590}.Release|Any CPU.ActiveCfg = Release|Any CPU
		{566EBA2B-5526-4AEE-892A-2DC87ED48590}.Release|Any CPU.Build.0 = Release|Any CPU
	EndGlobalSection
	GlobalSection(SolutionProperties) = preSolution
		HideSolutionNode = FALSE
	EndGlobalSection
	GlobalSection(ExtensibilityGlobals) = postSolution
		SolutionGuid = {8995FF46-62E3-4C58-8C0C-756F98E97529}
	EndGlobalSection
EndGlobal
